
Microsoft Visual Studio Solution File, Format Version 12.00
# Visual Studio Version 16
VisualStudioVersion = 16.0.31321.278
MinimumVisualStudioVersion = 10.0.40219.1
Project("{FAE04EC0-301F-11D3-BF4B-00C04F79EFBC}") = "ma9.App", "src\ma9.App\ma9.App.csproj", "{6C9E4603-B554-4CB5-BC70-91A9F696F7B1}"
EndProject
Project("{FAE04EC0-301F-11D3-BF4B-00C04F79EFBC}") = "ma9.Business", "src\ma9.Business\ma9.Business.csproj", "{42D1B18D-677E-4F2F-A7B9-5D5A5035159E}"
EndProject
Project("{FAE04EC0-301F-11D3-BF4B-00C04F79EFBC}") = "ma9.Data", "src\ma9.Data\ma9.Data.csproj", "{77411261-CA67-47D9-B645-45D823475A8E}"
EndProject
Global
	GlobalSection(SolutionConfigurationPlatforms) = preSolution
		Debug|Any CPU = Debug|Any CPU
		Release|Any CPU = Release|Any CPU
	EndGlobalSection
	GlobalSection(ProjectConfigurationPlatforms) = postSolution
		{6C9E4603-B554-4CB5-BC70-91A9F696F7B1}.Debug|Any CPU.ActiveCfg = Debug|Any CPU
		{6C9E4603-B554-4CB5-BC70-91A9F696F7B1}.Debug|Any CPU.Build.0 = Debug|Any CPU
		{6C9E4603-B554-4CB5-BC70-91A9F696F7B1}.Release|Any CPU.ActiveCfg = Release|Any CPU
		{6C9E4603-B554-4CB5-BC70-91A9F696F7B1}.Release|Any CPU.Build.0 = Release|Any CPU
		{42D1B18D-677E-4F2F-A7B9-5D5A5035159E}.Debug|Any CPU.ActiveCfg = Debug|Any CPU
		{42D1B18D-677E-4F2F-A7B9-5D5A5035159E}.Debug|Any CPU.Build.0 = Debug|Any CPU
		{42D1B18D-677E-4F2F-A7B9-5D5A5035159E}.Release|Any CPU.ActiveCfg = Release|Any CPU
		{42D1B18D-677E-4F2F-A7B9-5D5A5035159E}.Release|Any CPU.Build.0 = Release|Any CPU
		{77411261-CA67-47D9-B645-45D823475A8E}.Debug|Any CPU.ActiveCfg = Debug|Any CPU
		{77411261-CA67-47D9-B645-45D823475A8E}.Debug|Any CPU.Build.0 = Debug|Any CPU
		{77411261-CA67-47D9-B645-45D823475A8E}.Release|Any CPU.ActiveCfg = Release|Any CPU
		{77411261-CA67-47D9-B645-45D823475A8E}.Release|Any CPU.Build.0 = Release|Any CPU
	EndGlobalSection
	GlobalSection(SolutionProperties) = preSolution
		HideSolutionNode = FALSE
	EndGlobalSection
	GlobalSection(ExtensibilityGlobals) = postSolution
		SolutionGuid = {6FB95B01-23FF-457C-A332-4B5D1271295B}
	EndGlobalSection
EndGlobal
